<?xml version="1.0" encoding="utf-8"?>
<Project ToolsVersion="4.0" xmlns="http://schemas.microsoft.com/developer/msbuild/2003">
  <ItemGroup>
    <Filter Include="Source Files">
      <UniqueIdentifier>{4FC737F1-C7A5-4376-A066-2A32D752A2FF}</UniqueIdentifier>
      <Extensions>cpp;c;cc;cxx;def;odl;idl;hpj;bat;asm;asmx</Extensions>
    </Filter>
    <Filter Include="Header Files">
      <UniqueIdentifier>{93995380-89BD-4b04-88EB-625FBE52EBFB}</UniqueIdentifier>
      <Extensions>h;hh;hpp;hxx;hm;inl;inc;ipp;xsd</Extensions>
    </Filter>
    <Filter Include="Resource Files">
      <UniqueIdentifier>{67DA6AB6-F800-4c08-8B7A-83BB121AAD01}</UniqueIdentifier>
      <Extensions>rc;ico;cur;bmp;dlg;rc2;rct;bin;rgs;gif;jpg;jpeg;jpe;resx;tiff;tif;png;wav;mfcribbon-ms</Extensions>
    </Filter>
    <Filter Include="Header Files\Client-Core">
      <UniqueIdentifier>{f6d88eda-0195-42da-8dce-c4be3ea3672c}</UniqueIdentifier>
    </Filter>
    <Filter Include="Source Files\Client-Core">
      <UniqueIdentifier>{dd2a6e12-78ad-486a-a812-5049339f0b52}</UniqueIdentifier>
    </Filter>
    <Filter Include="Header Files\Client-Network">
      <UniqueIdentifier>{00148a41-3139-4d17-b670-3e99d6159090}</UniqueIdentifier>
    </Filter>
    <Filter Include="Source Files\Client-Network">
      <UniqueIdentifier>{ba1e35d6-b2eb-40d8-adc6-c3a9baaa5cd7}</UniqueIdentifier>
    </Filter>
    <Filter Include="Header Files\Client-Core\System">
      <UniqueIdentifier>{bea1d178-14a5-4eb1-977d-80b120a17d7f}</UniqueIdentifier>
    </Filter>
    <Filter Include="Header Files\Client-Core\Main">
      <UniqueIdentifier>{cb4e4dae-4744-45e2-aa55-2876fb0efb6a}</UniqueIdentifier>
    </Filter>
    <Filter Include="Source Files\Client-Core\Main">
      <UniqueIdentifier>{9b6fd75b-5d1d-47b0-903f-467c3512806b}</UniqueIdentifier>
    </Filter>
    <Filter Include="Header Files\Client-Core\Core">
      <UniqueIdentifier>{a0efbdf7-3eae-4509-bb01-ae2b1a1a1301}</UniqueIdentifier>
    </Filter>
    <Filter Include="Source Files\Client-Core\Core">
      <UniqueIdentifier>{75ea99a4-6f81-4936-aa03-8dc2772101da}</UniqueIdentifier>
    </Filter>
    <Filter Include="Header Files\Client-Core\Containers">
      <UniqueIdentifier>{57e423cf-84e5-424c-959b-86dddcb9a7a2}</UniqueIdentifier>
    </Filter>
    <Filter Include="Source Files\Client-Core\Containers">
      <UniqueIdentifier>{0ded30f6-ab85-4644-8d2d-27bd739c0dbf}</UniqueIdentifier>
    </Filter>
  </ItemGroup>
  <ItemGroup>
    <ClInclude Include="WCDefines.h">
      <Filter>Header Files\Client-Core\System</Filter>
    </ClInclude>
    <ClInclude Include="WCSock.h">
      <Filter>Header Files\Client-Core\System</Filter>
    </ClInclude>
    <ClInclude Include="WCWin.h">
      <Filter>Header Files\Client-Core\System</Filter>
    </ClInclude>
    <ClInclude Include="WCEntry.h">
      <Filter>Header Files\Client-Core\Main</Filter>
    </ClInclude>
    <ClInclude Include="WCEntity.h">
      <Filter>Header Files\Client-Core\Core</Filter>
    </ClInclude>
    <ClInclude Include="WCEventArgs.h">
      <Filter>Header Files\Client-Core\Core</Filter>
    </ClInclude>
    <ClInclude Include="WCRegistry.h">
      <Filter>Header Files\Client-Core\Core</Filter>
    </ClInclude>
    <ClInclude Include="WCContainer.h">
      <Filter>Header Files\Client-Core\Containers</Filter>
    </ClInclude>
    <ClInclude Include="WarpSock.h">
      <Filter>Header Files\Client-Network</Filter>
    </ClInclude>
    <ClInclude Include="WCNetworkAuxiliary.h">
      <Filter>Header Files\Client-Network</Filter>
    </ClInclude>
    <ClInclude Include="WCSocket.h">
      <Filter>Header Files\Client-Network</Filter>
    </ClInclude>
    <ClInclude Include="WCSocketArgs.h">
      <Filter>Header Files\Client-Network</Filter>
    </ClInclude>
  </ItemGroup>
  <ItemGroup>
    <ClCompile Include="WCEntry.cpp">
      <Filter>Source Files\Client-Core\Main</Filter>
    </ClCompile>
    <ClCompile Include="WCMain.cpp">
      <Filter>Source Files\Client-Core\Main</Filter>
    </ClCompile>
    <ClCompile Include="WCEntity.cpp">
      <Filter>Source Files\Client-Core\Core</Filter>
    </ClCompile>
    <ClCompile Include="WCEventArgs.cpp">
      <Filter>Source Files\Client-Core\Core</Filter>
    </ClCompile>
    <ClCompile Include="WCRegistry.cpp">
      <Filter>Source Files\Client-Core\Core</Filter>
    </ClCompile>
    <ClCompile Include="WCContainer.cpp">
      <Filter>Source Files\Client-Core\Containers</Filter>
    </ClCompile>
    <ClCompile Include="WCNetworkAuxiliary.cpp">
      <Filter>Source Files\Client-Network</Filter>
    </ClCompile>
    <ClCompile Include="WCSocket.cpp">
      <Filter>Source Files\Client-Network</Filter>
    </ClCompile>
    <ClCompile Include="WCSocketArgs.cpp">
      <Filter>Source Files\Client-Network</Filter>
    </ClCompile>
  </ItemGroup>
</Project>