<?xml version="1.0" encoding="utf-8"?>
<Project ToolsVersion="4.0" xmlns="http://schemas.microsoft.com/developer/msbuild/2003">
  <ItemGroup>
    <Filter Include="Source Files">
      <UniqueIdentifier>{4FC737F1-C7A5-4376-A066-2A32D752A2FF}</UniqueIdentifier>
      <Extensions>cpp;c;cc;cxx;def;odl;idl;hpj;bat;asm;asmx</Extensions>
    </Filter>
    <Filter Include="Header Files">
      <UniqueIdentifier>{93995380-89BD-4b04-88EB-625FBE52EBFB}</UniqueIdentifier>
      <Extensions>h;hh;hpp;hxx;hm;inl;inc;xsd</Extensions>
    </Filter>
    <Filter Include="Resource Files">
      <UniqueIdentifier>{67DA6AB6-F800-4c08-8B7A-83BB121AAD01}</UniqueIdentifier>
      <Extensions>rc;ico;cur;bmp;dlg;rc2;rct;bin;rgs;gif;jpg;jpeg;jpe;resx;tiff;tif;png;wav;mfcribbon-ms</Extensions>
    </Filter>
    <Filter Include="Header Files\WARP-ASYNC">
      <UniqueIdentifier>{7fce6c25-aa53-4027-aa10-d96325e63c21}</UniqueIdentifier>
    </Filter>
    <Filter Include="Source Files\WARP-ASYNC">
      <UniqueIdentifier>{ffd4083d-3fdf-4373-8a0a-bcfcac524043}</UniqueIdentifier>
    </Filter>
    <Filter Include="Header Files\WARP-ASYNC\Core">
      <UniqueIdentifier>{71a013c9-3c8d-4ded-8941-ca73a73024d0}</UniqueIdentifier>
    </Filter>
    <Filter Include="Header Files\WARP-ASYNC\Animations">
      <UniqueIdentifier>{9f98f87a-a6da-4fb6-ab6f-2f10c2d6592c}</UniqueIdentifier>
    </Filter>
    <Filter Include="Header Files\WARP-ASYNC\Animations\Lerp">
      <UniqueIdentifier>{38512774-ef04-42e3-9acf-3313a15d95cc}</UniqueIdentifier>
    </Filter>
    <Filter Include="Header Files\WARP-ASYNC\Animations\Smoothstep">
      <UniqueIdentifier>{e996a232-b2dd-4077-ba38-296b52720811}</UniqueIdentifier>
    </Filter>
    <Filter Include="Header Files\WARP-ASYNC\Animations\Color">
      <UniqueIdentifier>{cc7ea95d-2a17-4594-ab83-02bdcb4e7420}</UniqueIdentifier>
    </Filter>
    <Filter Include="Source Files\WARP-ASYNC\Animations">
      <UniqueIdentifier>{e228de91-e156-4452-ab6b-e32f4ceef952}</UniqueIdentifier>
    </Filter>
    <Filter Include="Source Files\WARP-ASYNC\Core">
      <UniqueIdentifier>{395ae778-a8de-4a0b-a73e-dc4a88796760}</UniqueIdentifier>
    </Filter>
    <Filter Include="Source Files\WARP-ASYNC\Animations\Color">
      <UniqueIdentifier>{211a9643-9f28-4c96-8ce7-978b45c3a851}</UniqueIdentifier>
    </Filter>
    <Filter Include="Source Files\WARP-ASYNC\Animations\Lerp">
      <UniqueIdentifier>{468f5a6f-60a5-429d-8d06-8e1b92d66a39}</UniqueIdentifier>
    </Filter>
    <Filter Include="Source Files\WARP-ASYNC\Animations\Smoothstep">
      <UniqueIdentifier>{3880791e-70b0-4431-abf4-f2871510a818}</UniqueIdentifier>
    </Filter>
    <Filter Include="Header Files\WARP-GFX">
      <UniqueIdentifier>{20a4920a-b386-43a7-9773-a0f51f44246d}</UniqueIdentifier>
    </Filter>
    <Filter Include="Header Files\WARP-GFX\EventArgs">
      <UniqueIdentifier>{17279c38-01ee-4dac-aed0-abf91f287031}</UniqueIdentifier>
    </Filter>
    <Filter Include="Header Files\WARP-GFX\Engine">
      <UniqueIdentifier>{592305f7-260e-4bb3-b757-bd62d69fa83d}</UniqueIdentifier>
    </Filter>
    <Filter Include="Header Files\WARP-GFX\Engine\Devices">
      <UniqueIdentifier>{ddeb7bc9-d8ed-4397-98d0-7dea79087f54}</UniqueIdentifier>
    </Filter>
    <Filter Include="Header Files\WARP-GFX\Engine\Graphics">
      <UniqueIdentifier>{7bec0380-ee09-49c6-95d0-18efd27e2eb2}</UniqueIdentifier>
    </Filter>
    <Filter Include="Header Files\WARP-GFX\Engine\Controls">
      <UniqueIdentifier>{efff0d63-a65e-4518-b323-fd8f42a54770}</UniqueIdentifier>
    </Filter>
    <Filter Include="Header Files\WARP-GFX\Engine\Primitives">
      <UniqueIdentifier>{371fcc97-3883-41e4-80c1-15863c15f472}</UniqueIdentifier>
    </Filter>
    <Filter Include="Header Files\WARP-GFX\Engine\Helpers">
      <UniqueIdentifier>{6136097d-2e18-437d-b453-9769a9b46afe}</UniqueIdentifier>
    </Filter>
    <Filter Include="Header Files\WARP-GFX\Audio">
      <UniqueIdentifier>{60368118-c2d4-49bf-adad-3a7c6d6c1641}</UniqueIdentifier>
    </Filter>
    <Filter Include="Source Files\WARP-GFX">
      <UniqueIdentifier>{aca4c170-a056-4880-b83f-69f6588e3032}</UniqueIdentifier>
    </Filter>
    <Filter Include="Source Files\WARP-GFX\Engine">
      <UniqueIdentifier>{997d5aec-14f6-4bc1-91a2-87844db259f7}</UniqueIdentifier>
    </Filter>
    <Filter Include="Source Files\WARP-GFX\Engine\Graphics">
      <UniqueIdentifier>{68e60a90-ecbc-439c-aeb7-2bced8014718}</UniqueIdentifier>
    </Filter>
    <Filter Include="Source Files\WARP-GFX\Engine\Controls">
      <UniqueIdentifier>{cac18e69-1a47-4fe2-a314-3b4ca94a9b0f}</UniqueIdentifier>
    </Filter>
    <Filter Include="Source Files\WARP-GFX\Engine\Devices">
      <UniqueIdentifier>{ec04f148-14b6-43a3-a0ae-22eb88f2c883}</UniqueIdentifier>
    </Filter>
    <Filter Include="Source Files\WARP-GFX\Audio">
      <UniqueIdentifier>{52d05d79-0dde-426d-8da2-cab38f072fd9}</UniqueIdentifier>
    </Filter>
    <Filter Include="Source Files\WARP-GFX\EventArgs">
      <UniqueIdentifier>{4f3587be-6906-4793-b28e-006deb9626dd}</UniqueIdentifier>
    </Filter>
    <Filter Include="Header Files\WARP-GFX\Engine\Control Auxiliary">
      <UniqueIdentifier>{9f27ee11-dc74-42a3-a512-bec31dcf7731}</UniqueIdentifier>
    </Filter>
    <Filter Include="Source Files\WARP-GFX\Engine\Control Auxiliary">
      <UniqueIdentifier>{d915e811-4b8c-426c-9486-402cebe9fd32}</UniqueIdentifier>
    </Filter>
    <Filter Include="Header Files\WARP-TEST">
      <UniqueIdentifier>{5c47a314-7207-4384-bc98-7dc3b0eb18f7}</UniqueIdentifier>
    </Filter>
    <Filter Include="Source Files\WARP-TEST">
      <UniqueIdentifier>{6df4efd8-721a-4c93-abdf-72c106003a23}</UniqueIdentifier>
    </Filter>
    <Filter Include="Header Files\WARP-TEST\Core">
      <UniqueIdentifier>{d766465b-ddb1-4082-bb20-5fd1fddd0b4f}</UniqueIdentifier>
    </Filter>
    <Filter Include="Source Files\WARP-TEST\Core">
      <UniqueIdentifier>{30ff2838-522e-4b64-92eb-b8683fee61dc}</UniqueIdentifier>
    </Filter>
    <Filter Include="Header Files\WARP-CORE">
      <UniqueIdentifier>{6f117f1a-5630-4a0a-b5b7-e7aec2d963c2}</UniqueIdentifier>
    </Filter>
    <Filter Include="Source Files\WARP-CORE">
      <UniqueIdentifier>{22fc8e49-9fb9-4c58-9448-0abb6faded02}</UniqueIdentifier>
    </Filter>
    <Filter Include="Source Files\WARP-CORE\Core">
      <UniqueIdentifier>{eef99d99-f16d-4181-9040-2ae68acbe698}</UniqueIdentifier>
    </Filter>
    <Filter Include="Header Files\WARP-CORE\Core">
      <UniqueIdentifier>{b6515c69-e28e-4c1a-a4fc-25587a5a44bc}</UniqueIdentifier>
    </Filter>
    <Filter Include="Header Files\WARP-CORE\System">
      <UniqueIdentifier>{7246f845-b98c-49d9-8ca6-49bd7076bdf7}</UniqueIdentifier>
    </Filter>
    <Filter Include="Header Files\WARP-CORE\Math">
      <UniqueIdentifier>{31a8fad3-6a0f-498e-b5ec-99ac37dae209}</UniqueIdentifier>
    </Filter>
    <Filter Include="Header Files\WARP-TEST\Helpers">
      <UniqueIdentifier>{4bc590c8-60e3-4ab3-82dd-72873973df50}</UniqueIdentifier>
    </Filter>
    <Filter Include="Source Files\WARP-TEST\Helpers">
      <UniqueIdentifier>{e6519b1b-a4a1-47cb-a36d-7ca55ef87d85}</UniqueIdentifier>
    </Filter>
    <Filter Include="Source Files\WARP-CORE\Main Window">
      <UniqueIdentifier>{0301540a-9d4c-487b-8b2d-26d4463f6401}</UniqueIdentifier>
    </Filter>
    <Filter Include="Header Files\WARP-CORE\Main Window">
      <UniqueIdentifier>{d8be893e-995e-443e-b862-2f274ff20d78}</UniqueIdentifier>
    </Filter>
    <Filter Include="Source Files\WARP-CORE\Containers">
      <UniqueIdentifier>{d539b2ff-2f9a-4e8f-896c-cf513515aad2}</UniqueIdentifier>
    </Filter>
    <Filter Include="Header Files\WARP-CORE\Containers">
      <UniqueIdentifier>{fbe055ce-7748-4d5f-80af-304582daadff}</UniqueIdentifier>
    </Filter>
    <Filter Include="Header Files\WARP-GFX\Engine\Components">
      <UniqueIdentifier>{7508fd9a-a775-4f65-a803-c72091807bc0}</UniqueIdentifier>
    </Filter>
    <Filter Include="Source Files\WARP-GFX\Engine\Components">
      <UniqueIdentifier>{1c372880-73df-4cba-85e2-abd760cc29ca}</UniqueIdentifier>
    </Filter>
  </ItemGroup>
  <ItemGroup>
    <ClInclude Include="WMouseArgs.h">
      <Filter>Header Files\WARP-GFX\EventArgs</Filter>
    </ClInclude>
    <ClInclude Include="WEntity.h">
      <Filter>Header Files\WARP-CORE\Core</Filter>
    </ClInclude>
    <ClInclude Include="WMouse.h">
      <Filter>Header Files\WARP-GFX\Engine\Devices</Filter>
    </ClInclude>
    <ClInclude Include="WKeyboard.h">
      <Filter>Header Files\WARP-GFX\Engine\Devices</Filter>
    </ClInclude>
    <ClInclude Include="WEventArgs.h">
      <Filter>Header Files\WARP-CORE\Core</Filter>
    </ClInclude>
    <ClInclude Include="WUserSettings.h">
      <Filter>Header Files\WARP-CORE\System</Filter>
    </ClInclude>
    <ClInclude Include="WMainWindow.h">
      <Filter>Header Files\WARP-CORE\Main Window</Filter>
    </ClInclude>
    <ClInclude Include="WEntry.h">
      <Filter>Header Files\WARP-CORE\Main Window</Filter>
    </ClInclude>
    <ClInclude Include="WDefines.h">
      <Filter>Header Files\WARP-CORE\System</Filter>
    </ClInclude>
    <ClInclude Include="WWin.h">
      <Filter>Header Files\WARP-CORE\System</Filter>
    </ClInclude>
    <ClInclude Include="WMath.h">
      <Filter>Header Files\WARP-CORE\Math</Filter>
    </ClInclude>
    <ClInclude Include="WMatrix2.h">
      <Filter>Header Files\WARP-CORE\Math</Filter>
    </ClInclude>
    <ClInclude Include="WMatrix3.h">
      <Filter>Header Files\WARP-CORE\Math</Filter>
    </ClInclude>
    <ClInclude Include="WVector2.h">
      <Filter>Header Files\WARP-CORE\Math</Filter>
    </ClInclude>
    <ClInclude Include="WVector3.h">
      <Filter>Header Files\WARP-CORE\Math</Filter>
    </ClInclude>
    <ClInclude Include="WVector4.h">
      <Filter>Header Files\WARP-CORE\Math</Filter>
    </ClInclude>
    <ClInclude Include="WKeyboardArgs.h">
      <Filter>Header Files\WARP-GFX\EventArgs</Filter>
    </ClInclude>
    <ClInclude Include="WUniqueRegister.h">
      <Filter>Header Files\WARP-CORE\Core</Filter>
    </ClInclude>
    <ClInclude Include="WGDIPaintEventArgs.h">
      <Filter>Header Files\WARP-GFX\EventArgs</Filter>
    </ClInclude>
    <ClInclude Include="WContainer.h">
      <Filter>Header Files\WARP-CORE\Containers</Filter>
    </ClInclude>
    <ClInclude Include="WRegContainer.h">
      <Filter>Header Files\WARP-CORE\Containers</Filter>
    </ClInclude>
    <ClInclude Include="WDX.h">
      <Filter>Header Files\WARP-CORE\System</Filter>
    </ClInclude>
    <ClInclude Include="WSafeRelease.h">
      <Filter>Header Files\WARP-CORE\System</Filter>
    </ClInclude>
    <ClInclude Include="WDXContainer.h">
      <Filter>Header Files\WARP-CORE\Containers</Filter>
    </ClInclude>
    <ClInclude Include="WGraphics.h">
      <Filter>Header Files\WARP-GFX\Engine\Graphics</Filter>
    </ClInclude>
    <ClInclude Include="WGFXContainer.h">
      <Filter>Header Files\WARP-CORE\Containers</Filter>
    </ClInclude>
    <ClInclude Include="WButton.h">
      <Filter>Header Files\WARP-GFX\Engine\Controls</Filter>
    </ClInclude>
    <ClInclude Include="WCODEC.h">
      <Filter>Header Files\WARP-CORE\System</Filter>
    </ClInclude>
    <ClInclude Include="WChrono.h">
      <Filter>Header Files\WARP-CORE\System</Filter>
    </ClInclude>
    <ClInclude Include="WGradientDirection.h">
      <Filter>Header Files\WARP-GFX\Engine\Helpers</Filter>
    </ClInclude>
    <ClInclude Include="WRect.h">
      <Filter>Header Files\WARP-GFX\Engine\Primitives</Filter>
    </ClInclude>
    <ClInclude Include="WPoint.h">
      <Filter>Header Files\WARP-GFX\Engine\Primitives</Filter>
    </ClInclude>
    <ClInclude Include="WAudio.h">
      <Filter>Header Files\WARP-GFX\Audio</Filter>
    </ClInclude>
    <ClInclude Include="WMci.h">
      <Filter>Header Files\WARP-CORE\System</Filter>
    </ClInclude>
    <ClInclude Include="WAsyncArgs.h">
      <Filter>Header Files\WARP-ASYNC\Core</Filter>
    </ClInclude>
    <ClInclude Include="WAsyncWorker.h">
      <Filter>Header Files\WARP-ASYNC\Core</Filter>
    </ClInclude>
    <ClInclude Include="WLerp.h">
      <Filter>Header Files\WARP-ASYNC\Animations\Lerp</Filter>
    </ClInclude>
    <ClInclude Include="WLerpArgs.h">
      <Filter>Header Files\WARP-ASYNC\Animations\Lerp</Filter>
    </ClInclude>
    <ClInclude Include="WSmoothStep.h">
      <Filter>Header Files\WARP-ASYNC\Animations\Smoothstep</Filter>
    </ClInclude>
    <ClInclude Include="WSmoothStepArgs.h">
      <Filter>Header Files\WARP-ASYNC\Animations\Smoothstep</Filter>
    </ClInclude>
    <ClInclude Include="WRegistry.h">
      <Filter>Header Files\WARP-CORE\Core</Filter>
    </ClInclude>
    <ClInclude Include="WColorTransform.h">
      <Filter>Header Files\WARP-ASYNC\Animations\Color</Filter>
    </ClInclude>
    <ClInclude Include="WColorTransformArgs.h">
      <Filter>Header Files\WARP-ASYNC\Animations\Color</Filter>
    </ClInclude>
    <ClInclude Include="WListBox.h">
      <Filter>Header Files\WARP-GFX\Engine\Controls</Filter>
    </ClInclude>
    <ClInclude Include="WListBoxItem.h">
      <Filter>Header Files\WARP-GFX\Engine\Controls</Filter>
    </ClInclude>
    <ClInclude Include="WTextAlignment.h">
      <Filter>Header Files\WARP-GFX\Engine\Helpers</Filter>
    </ClInclude>
    <ClInclude Include="WFixedCanvas.h">
      <Filter>Header Files\WARP-GFX\Engine\Controls</Filter>
    </ClInclude>
    <ClInclude Include="WControl.h">
      <Filter>Header Files\WARP-GFX\Engine\Controls</Filter>
    </ClInclude>
    <ClInclude Include="IControl.h">
      <Filter>Header Files\WARP-GFX\Engine\Control Auxiliary</Filter>
    </ClInclude>
    <ClInclude Include="WControlHandler.h">
      <Filter>Header Files\WARP-GFX\Engine\Control Auxiliary</Filter>
    </ClInclude>
    <ClInclude Include="WTheme.h">
      <Filter>Header Files\WARP-GFX\Engine\Graphics</Filter>
    </ClInclude>
    <ClInclude Include="WLabel.h">
      <Filter>Header Files\WARP-GFX\Engine\Controls</Filter>
    </ClInclude>
    <ClInclude Include="WImageBox.h">
      <Filter>Header Files\WARP-GFX\Engine\Controls</Filter>
    </ClInclude>
    <ClInclude Include="WCheckBox.h">
      <Filter>Header Files\WARP-GFX\Engine\Controls</Filter>
    </ClInclude>
    <ClInclude Include="WScrollView.h">
      <Filter>Header Files\WARP-GFX\Engine\Controls</Filter>
    </ClInclude>
    <ClInclude Include="WLogicalBound.h">
      <Filter>Header Files\WARP-CORE\Core</Filter>
    </ClInclude>
    <ClInclude Include="WEventBound.h">
      <Filter>Header Files\WARP-CORE\Core</Filter>
    </ClInclude>
    <ClInclude Include="WProgressBar.h">
      <Filter>Header Files\WARP-GFX\Engine\Controls</Filter>
    </ClInclude>
    <ClInclude Include="WSeekBar.h">
      <Filter>Header Files\WARP-GFX\Engine\Controls</Filter>
    </ClInclude>
    <ClInclude Include="WSeekBarValueChangeArgs.h">
      <Filter>Header Files\WARP-GFX\EventArgs</Filter>
    </ClInclude>
    <ClInclude Include="WTextBox.h">
      <Filter>Header Files\WARP-GFX\Engine\Controls</Filter>
    </ClInclude>
    <ClInclude Include="WTestRegistry.h">
      <Filter>Header Files\WARP-TEST\Core</Filter>
    </ClInclude>
    <ClInclude Include="WTestAuxiliary.h">
      <Filter>Header Files\WARP-TEST\Helpers</Filter>
    </ClInclude>
    <ClInclude Include="WToggleButton.h">
      <Filter>Header Files\WARP-GFX\Engine\Controls</Filter>
    </ClInclude>
    <ClInclude Include="WRadioButtonHandler.h">
      <Filter>Header Files\WARP-GFX\Engine\Control Auxiliary</Filter>
    </ClInclude>
    <ClInclude Include="WRadioButton.h">
      <Filter>Header Files\WARP-GFX\Engine\Controls</Filter>
    </ClInclude>
    <ClInclude Include="WLogger.h">
      <Filter>Header Files\WARP-TEST\Helpers</Filter>
    </ClInclude>
    <ClInclude Include="WExtendedBorderComponent.h">
      <Filter>Header Files\WARP-GFX\Engine\Components</Filter>
    </ClInclude>
  </ItemGroup>
  <ItemGroup>
    <ClCompile Include="WMainWindow.cpp">
      <Filter>Source Files\WARP-CORE\Main Window</Filter>
    </ClCompile>
    <ClCompile Include="WGraphics.cpp">
      <Filter>Source Files\WARP-GFX\Engine\Graphics</Filter>
    </ClCompile>
    <ClCompile Include="WButton.cpp">
      <Filter>Source Files\WARP-GFX\Engine\Controls</Filter>
    </ClCompile>
    <ClCompile Include="WAudio.cpp">
      <Filter>Source Files\WARP-GFX\Audio</Filter>
    </ClCompile>
    <ClCompile Include="WListBox.cpp">
      <Filter>Source Files\WARP-GFX\Engine\Controls</Filter>
    </ClCompile>
    <ClCompile Include="WListBoxItem.cpp">
      <Filter>Source Files\WARP-GFX\Engine\Controls</Filter>
    </ClCompile>
    <ClCompile Include="WFixedCanvas.cpp">
      <Filter>Source Files\WARP-GFX\Engine\Controls</Filter>
    </ClCompile>
    <ClCompile Include="WControl.cpp">
      <Filter>Source Files\WARP-GFX\Engine\Controls</Filter>
    </ClCompile>
    <ClCompile Include="WTheme.cpp">
      <Filter>Source Files\WARP-GFX\Engine\Graphics</Filter>
    </ClCompile>
    <ClCompile Include="WLabel.cpp">
      <Filter>Source Files\WARP-GFX\Engine\Controls</Filter>
    </ClCompile>
    <ClCompile Include="WImageBox.cpp">
      <Filter>Source Files\WARP-GFX\Engine\Controls</Filter>
    </ClCompile>
    <ClCompile Include="WEntry.cpp">
      <Filter>Source Files\WARP-CORE\Main Window</Filter>
    </ClCompile>
    <ClCompile Include="WAsyncArgs.cpp">
      <Filter>Source Files\WARP-ASYNC\Core</Filter>
    </ClCompile>
    <ClCompile Include="WAsyncWorker.cpp">
      <Filter>Source Files\WARP-ASYNC\Core</Filter>
    </ClCompile>
    <ClCompile Include="WSmoothStep.cpp">
      <Filter>Source Files\WARP-ASYNC\Animations\Smoothstep</Filter>
    </ClCompile>
    <ClCompile Include="WSmoothStepArgs.cpp">
      <Filter>Source Files\WARP-ASYNC\Animations\Smoothstep</Filter>
    </ClCompile>
    <ClCompile Include="WLerp.cpp">
      <Filter>Source Files\WARP-ASYNC\Animations\Lerp</Filter>
    </ClCompile>
    <ClCompile Include="WLerpArgs.cpp">
      <Filter>Source Files\WARP-ASYNC\Animations\Lerp</Filter>
    </ClCompile>
    <ClCompile Include="WColorTransform.cpp">
      <Filter>Source Files\WARP-ASYNC\Animations\Color</Filter>
    </ClCompile>
    <ClCompile Include="WColorTransformArgs.cpp">
      <Filter>Source Files\WARP-ASYNC\Animations\Color</Filter>
    </ClCompile>
    <ClCompile Include="WContainer.cpp">
      <Filter>Source Files\WARP-CORE\Containers</Filter>
    </ClCompile>
    <ClCompile Include="WDXContainer.cpp">
      <Filter>Source Files\WARP-CORE\Containers</Filter>
    </ClCompile>
    <ClCompile Include="WGFXContainer.cpp">
      <Filter>Source Files\WARP-CORE\Containers</Filter>
    </ClCompile>
    <ClCompile Include="WRegContainer.cpp">
      <Filter>Source Files\WARP-CORE\Containers</Filter>
    </ClCompile>
    <ClCompile Include="WControlHandler.cpp">
      <Filter>Source Files\WARP-GFX\Engine\Control Auxiliary</Filter>
    </ClCompile>
    <ClCompile Include="WEntity.cpp">
      <Filter>Source Files\WARP-CORE\Core</Filter>
    </ClCompile>
    <ClCompile Include="WEventArgs.cpp">
      <Filter>Source Files\WARP-CORE\Core</Filter>
    </ClCompile>
    <ClCompile Include="WRegistry.cpp">
      <Filter>Source Files\WARP-CORE\Core</Filter>
    </ClCompile>
    <ClCompile Include="WUniqueRegister.cpp">
      <Filter>Source Files\WARP-CORE\Core</Filter>
    </ClCompile>
    <ClCompile Include="WKeyboard.cpp">
      <Filter>Source Files\WARP-GFX\Engine\Devices</Filter>
    </ClCompile>
    <ClCompile Include="WMouse.cpp">
      <Filter>Source Files\WARP-GFX\Engine\Devices</Filter>
    </ClCompile>
    <ClCompile Include="WGDIPaintEventArgs.cpp">
      <Filter>Source Files\WARP-GFX\EventArgs</Filter>
    </ClCompile>
    <ClCompile Include="WKeyboardArgs.cpp">
      <Filter>Source Files\WARP-GFX\EventArgs</Filter>
    </ClCompile>
    <ClCompile Include="WMouseArgs.cpp">
      <Filter>Source Files\WARP-GFX\EventArgs</Filter>
    </ClCompile>
    <ClCompile Include="WCheckBox.cpp">
      <Filter>Source Files\WARP-GFX\Engine\Controls</Filter>
    </ClCompile>
    <ClCompile Include="WScrollView.cpp">
      <Filter>Source Files\WARP-GFX\Engine\Controls</Filter>
    </ClCompile>
    <ClCompile Include="WLogicalBound.cpp">
      <Filter>Source Files\WARP-CORE\Core</Filter>
    </ClCompile>
    <ClCompile Include="WEventBound.cpp">
      <Filter>Source Files\WARP-CORE\Core</Filter>
    </ClCompile>
    <ClCompile Include="WProgressBar.cpp">
      <Filter>Source Files\WARP-GFX\Engine\Controls</Filter>
    </ClCompile>
    <ClCompile Include="WSeekBar.cpp">
      <Filter>Source Files\WARP-GFX\Engine\Controls</Filter>
    </ClCompile>
    <ClCompile Include="WSeekBarValueChangeArgs.cpp">
      <Filter>Source Files\WARP-GFX\EventArgs</Filter>
    </ClCompile>
    <ClCompile Include="WTextBox.cpp">
      <Filter>Source Files\WARP-GFX\Engine\Controls</Filter>
    </ClCompile>
    <ClCompile Include="WTestRegistry.cpp">
      <Filter>Source Files\WARP-TEST\Core</Filter>
    </ClCompile>
    <ClCompile Include="WTestAuxiliary.cpp">
      <Filter>Source Files\WARP-TEST\Helpers</Filter>
    </ClCompile>
    <ClCompile Include="WToggleButton.cpp">
      <Filter>Source Files\WARP-GFX\Engine\Controls</Filter>
    </ClCompile>
    <ClCompile Include="WRadioButtonHandler.cpp">
      <Filter>Source Files\WARP-GFX\Engine\Control Auxiliary</Filter>
    </ClCompile>
    <ClCompile Include="WRadioButton.cpp">
      <Filter>Source Files\WARP-GFX\Engine\Controls</Filter>
    </ClCompile>
    <ClCompile Include="WLogger.cpp">
      <Filter>Source Files\WARP-TEST\Helpers</Filter>
    </ClCompile>
    <ClCompile Include="WExtendedBorderComponent.cpp">
      <Filter>Source Files\WARP-GFX\Engine\Components</Filter>
    </ClCompile>
  </ItemGroup>
</Project>