<?xml version="1.0" encoding="utf-8"?>
<Project ToolsVersion="4.0" xmlns="http://schemas.microsoft.com/developer/msbuild/2003">
  <ItemGroup>
    <Filter Include="Source Files">
      <UniqueIdentifier>{4FC737F1-C7A5-4376-A066-2A32D752A2FF}</UniqueIdentifier>
      <Extensions>cpp;c;cc;cxx;def;odl;idl;hpj;bat;asm;asmx</Extensions>
    </Filter>
    <Filter Include="Header Files">
      <UniqueIdentifier>{93995380-89BD-4b04-88EB-625FBE52EBFB}</UniqueIdentifier>
      <Extensions>h;hh;hpp;hxx;hm;inl;inc;ipp;xsd</Extensions>
    </Filter>
    <Filter Include="Resource Files">
      <UniqueIdentifier>{67DA6AB6-F800-4c08-8B7A-83BB121AAD01}</UniqueIdentifier>
      <Extensions>rc;ico;cur;bmp;dlg;rc2;rct;bin;rgs;gif;jpg;jpeg;jpe;resx;tiff;tif;png;wav;mfcribbon-ms</Extensions>
    </Filter>
    <Filter Include="Source Files\Server-Core">
      <UniqueIdentifier>{81b4c19a-4aee-4fed-bddb-45f243352272}</UniqueIdentifier>
    </Filter>
    <Filter Include="Header Files\Server-Core">
      <UniqueIdentifier>{2506e6bf-0551-45fd-8d5b-810d44e7ac5b}</UniqueIdentifier>
    </Filter>
    <Filter Include="Header Files\Server-Network">
      <UniqueIdentifier>{862d503d-14e0-424b-8705-76454f370af5}</UniqueIdentifier>
    </Filter>
    <Filter Include="Source Files\Server-Core\Main">
      <UniqueIdentifier>{938bdaff-de9e-444d-9d46-d33d1af65506}</UniqueIdentifier>
    </Filter>
    <Filter Include="Header Files\Server-Core\Main">
      <UniqueIdentifier>{2d4ef6da-9ded-4851-ab41-1944390f324d}</UniqueIdentifier>
    </Filter>
    <Filter Include="Header Files\Server-Core\System">
      <UniqueIdentifier>{8fac950c-639b-4da1-af80-db90f0fe26c1}</UniqueIdentifier>
    </Filter>
    <Filter Include="Header Files\Server-Core\Container">
      <UniqueIdentifier>{b5a650e4-a305-4bd8-96bf-3d7a95c3e928}</UniqueIdentifier>
    </Filter>
    <Filter Include="Source Files\Server-Core\Container">
      <UniqueIdentifier>{90c493b2-389e-4b32-8bcb-a1cd7180bc33}</UniqueIdentifier>
    </Filter>
    <Filter Include="Header Files\Server-Core\Core">
      <UniqueIdentifier>{0aff4c6d-905a-4de1-8872-2553dd59a74f}</UniqueIdentifier>
    </Filter>
    <Filter Include="Source Files\Server-Core\Core">
      <UniqueIdentifier>{9f030732-2b2f-4775-af3b-417f22590d1e}</UniqueIdentifier>
    </Filter>
    <Filter Include="Header Files\Server-Async">
      <UniqueIdentifier>{63f1f4b1-35ea-4177-b0ef-b9492ab777fc}</UniqueIdentifier>
    </Filter>
    <Filter Include="Source Files\Server-Async">
      <UniqueIdentifier>{f1fc43b3-429c-4fbc-a539-23753ec92264}</UniqueIdentifier>
    </Filter>
    <Filter Include="Source Files\Server-Network">
      <UniqueIdentifier>{8fa9167c-7710-4d3d-8d43-81b3dc000228}</UniqueIdentifier>
    </Filter>
  </ItemGroup>
  <ItemGroup>
    <ClCompile Include="WSMain.cpp">
      <Filter>Source Files\Server-Core\Main</Filter>
    </ClCompile>
    <ClCompile Include="WSEntry.cpp">
      <Filter>Source Files\Server-Core\Main</Filter>
    </ClCompile>
    <ClCompile Include="WSContainer.cpp">
      <Filter>Source Files\Server-Core\Container</Filter>
    </ClCompile>
    <ClCompile Include="WSRegistry.cpp">
      <Filter>Source Files\Server-Core\Core</Filter>
    </ClCompile>
    <ClCompile Include="WSEntity.cpp">
      <Filter>Source Files\Server-Core\Core</Filter>
    </ClCompile>
    <ClCompile Include="WSEventArgs.cpp">
      <Filter>Source Files\Server-Core\Core</Filter>
    </ClCompile>
    <ClCompile Include="WSAsyncArgs.cpp">
      <Filter>Source Files\Server-Async</Filter>
    </ClCompile>
    <ClCompile Include="WSAsyncWorker.cpp">
      <Filter>Source Files\Server-Async</Filter>
    </ClCompile>
    <ClCompile Include="WSSocket.cpp">
      <Filter>Source Files\Server-Network</Filter>
    </ClCompile>
    <ClCompile Include="WSSocketArgs.cpp">
      <Filter>Source Files\Server-Network</Filter>
    </ClCompile>
    <ClCompile Include="WSNetworkAuxiliary.cpp">
      <Filter>Source Files\Server-Network</Filter>
    </ClCompile>
  </ItemGroup>
  <ItemGroup>
    <ClInclude Include="WarpSock.h">
      <Filter>Header Files\Server-Network</Filter>
    </ClInclude>
    <ClInclude Include="WSSocket.h">
      <Filter>Header Files\Server-Network</Filter>
    </ClInclude>
    <ClInclude Include="WSEntry.h">
      <Filter>Header Files\Server-Core\Main</Filter>
    </ClInclude>
    <ClInclude Include="WSDefines.h">
      <Filter>Header Files\Server-Core\System</Filter>
    </ClInclude>
    <ClInclude Include="WSSock.h">
      <Filter>Header Files\Server-Core\System</Filter>
    </ClInclude>
    <ClInclude Include="WSWin.h">
      <Filter>Header Files\Server-Core\System</Filter>
    </ClInclude>
    <ClInclude Include="WSContainer.h">
      <Filter>Header Files\Server-Core\Container</Filter>
    </ClInclude>
    <ClInclude Include="WSEventArgs.h">
      <Filter>Header Files\Server-Core\Core</Filter>
    </ClInclude>
    <ClInclude Include="WSEntity.h">
      <Filter>Header Files\Server-Core\Core</Filter>
    </ClInclude>
    <ClInclude Include="WSRegistry.h">
      <Filter>Header Files\Server-Core\Core</Filter>
    </ClInclude>
    <ClInclude Include="WSAsyncWorker.h">
      <Filter>Header Files\Server-Async</Filter>
    </ClInclude>
    <ClInclude Include="WSAsyncArgs.h">
      <Filter>Header Files\Server-Async</Filter>
    </ClInclude>
    <ClInclude Include="WSSocketArgs.h">
      <Filter>Header Files\Server-Network</Filter>
    </ClInclude>
    <ClInclude Include="WSNetworkAuxiliary.h">
      <Filter>Header Files\Server-Network</Filter>
    </ClInclude>
  </ItemGroup>
</Project>